
Microsoft Visual Studio Solution File, Format Version 12.00
# Visual Studio Version 16
VisualStudioVersion = 16.0.32929.386
MinimumVisualStudioVersion = 10.0.40219.1
Project("{FAE04EC0-301F-11D3-BF4B-00C04F79EFBC}") = "SalesWebMvc", "SalesWebMvc\SalesWebMvc.csproj", "{0CB76837-F08C-410E-BE73-29EFB6040444}"
EndProject
Global
	GlobalSection(SolutionConfigurationPlatforms) = preSolution
		Debug|Any CPU = Debug|Any CPU
		Release|Any CPU = Release|Any CPU
	EndGlobalSection
	GlobalSection(ProjectConfigurationPlatforms) = postSolution
		{0CB76837-F08C-410E-BE73-29EFB6040444}.Debug|Any CPU.ActiveCfg = Debug|Any CPU
		{0CB76837-F08C-410E-BE73-29EFB6040444}.Debug|Any CPU.Build.0 = Debug|Any CPU
		{0CB76837-F08C-410E-BE73-29EFB6040444}.Release|Any CPU.ActiveCfg = Release|Any CPU
		{0CB76837-F08C-410E-BE73-29EFB6040444}.Release|Any CPU.Build.0 = Release|Any CPU
	EndGlobalSection
	GlobalSection(SolutionProperties) = preSolution
		HideSolutionNode = FALSE
	EndGlobalSection
	GlobalSection(ExtensibilityGlobals) = postSolution
		SolutionGuid = {D6FDBFED-C1E3-403B-B35F-4688DA6A2653}
	EndGlobalSection
EndGlobal
